
Microsoft Visual Studio Solution File, Format Version 12.00
# Visual Studio Version 17
VisualStudioVersion = 17.3.32825.248
MinimumVisualStudioVersion = 10.0.40219.1
Project("{FAE04EC0-301F-11D3-BF4B-00C04F79EFBC}") = "KółkoIKrzyżyk", "KółkoIKrzyżyk\KółkoIKrzyżyk.csproj", "{A3ABA4ED-3140-4800-A75B-DF49485BD4FB}"
EndProject
Global
	GlobalSection(SolutionConfigurationPlatforms) = preSolution
		Debug|Any CPU = Debug|Any CPU
		Release|Any CPU = Release|Any CPU
	EndGlobalSection
	GlobalSection(ProjectConfigurationPlatforms) = postSolution
		{A3ABA4ED-3140-4800-A75B-DF49485BD4FB}.Debug|Any CPU.ActiveCfg = Debug|Any CPU
		{A3ABA4ED-3140-4800-A75B-DF49485BD4FB}.Debug|Any CPU.Build.0 = Debug|Any CPU
		{A3ABA4ED-3140-4800-A75B-DF49485BD4FB}.Release|Any CPU.ActiveCfg = Release|Any CPU
		{A3ABA4ED-3140-4800-A75B-DF49485BD4FB}.Release|Any CPU.Build.0 = Release|Any CPU
	EndGlobalSection
	GlobalSection(SolutionProperties) = preSolution
		HideSolutionNode = FALSE
	EndGlobalSection
	GlobalSection(ExtensibilityGlobals) = postSolution
		SolutionGuid = {EB5A1C2F-B193-4C55-9612-784BA30789B1}
	EndGlobalSection
EndGlobal
